
Microsoft Visual Studio Solution File, Format Version 12.00
# Visual Studio Version 17
VisualStudioVersion = 17.5.33516.290
MinimumVisualStudioVersion = 10.0.40219.1
Project("{FAE04EC0-301F-11D3-BF4B-00C04F79EFBC}") = "QuizPro", "QuizPro\QuizPro.csproj", "{3C1BB215-0E8F-4460-9F33-7C762E3292BE}"
EndProject
Project("{FAE04EC0-301F-11D3-BF4B-00C04F79EFBC}") = "QuizPro.DAL.Interfaces", "QuizPro.DAL.Interfaces\QuizPro.DAL.Interfaces.csproj", "{0FD86B7B-5E86-4F22-862F-76CA6BE3A0BA}"
EndProject
Project("{FAE04EC0-301F-11D3-BF4B-00C04F79EFBC}") = "QuizPro.DAL", "QuizPro.Dal\QuizPro.DAL.csproj", "{33A9CA44-7A42-4F6F-BFCC-22F153955FC4}"
EndProject
Project("{FAE04EC0-301F-11D3-BF4B-00C04F79EFBC}") = "QuizPro.BLL.Interfaces", "QuizPro.BLL.Interfaces\QuizPro.BLL.Interfaces.csproj", "{8E6F0343-A1A5-4EC5-845C-C8F0B31006A7}"
EndProject
Project("{FAE04EC0-301F-11D3-BF4B-00C04F79EFBC}") = "QuizPro.BLL", "QuizPro.BLL\QuizPro.BLL.csproj", "{3E0DA4C9-57AE-4949-BC60-1AFE476E09BB}"
EndProject
Global
	GlobalSection(SolutionConfigurationPlatforms) = preSolution
		Debug|Any CPU = Debug|Any CPU
		Release|Any CPU = Release|Any CPU
	EndGlobalSection
	GlobalSection(ProjectConfigurationPlatforms) = postSolution
		{3C1BB215-0E8F-4460-9F33-7C762E3292BE}.Debug|Any CPU.ActiveCfg = Debug|Any CPU
		{3C1BB215-0E8F-4460-9F33-7C762E3292BE}.Debug|Any CPU.Build.0 = Debug|Any CPU
		{3C1BB215-0E8F-4460-9F33-7C762E3292BE}.Release|Any CPU.ActiveCfg = Release|Any CPU
		{3C1BB215-0E8F-4460-9F33-7C762E3292BE}.Release|Any CPU.Build.0 = Release|Any CPU
		{0FD86B7B-5E86-4F22-862F-76CA6BE3A0BA}.Debug|Any CPU.ActiveCfg = Debug|Any CPU
		{0FD86B7B-5E86-4F22-862F-76CA6BE3A0BA}.Debug|Any CPU.Build.0 = Debug|Any CPU
		{0FD86B7B-5E86-4F22-862F-76CA6BE3A0BA}.Release|Any CPU.ActiveCfg = Release|Any CPU
		{0FD86B7B-5E86-4F22-862F-76CA6BE3A0BA}.Release|Any CPU.Build.0 = Release|Any CPU
		{33A9CA44-7A42-4F6F-BFCC-22F153955FC4}.Debug|Any CPU.ActiveCfg = Debug|Any CPU
		{33A9CA44-7A42-4F6F-BFCC-22F153955FC4}.Debug|Any CPU.Build.0 = Debug|Any CPU
		{33A9CA44-7A42-4F6F-BFCC-22F153955FC4}.Release|Any CPU.ActiveCfg = Release|Any CPU
		{33A9CA44-7A42-4F6F-BFCC-22F153955FC4}.Release|Any CPU.Build.0 = Release|Any CPU
		{8E6F0343-A1A5-4EC5-845C-C8F0B31006A7}.Debug|Any CPU.ActiveCfg = Debug|Any CPU
		{8E6F0343-A1A5-4EC5-845C-C8F0B31006A7}.Debug|Any CPU.Build.0 = Debug|Any CPU
		{8E6F0343-A1A5-4EC5-845C-C8F0B31006A7}.Release|Any CPU.ActiveCfg = Release|Any CPU
		{8E6F0343-A1A5-4EC5-845C-C8F0B31006A7}.Release|Any CPU.Build.0 = Release|Any CPU
		{3E0DA4C9-57AE-4949-BC60-1AFE476E09BB}.Debug|Any CPU.ActiveCfg = Debug|Any CPU
		{3E0DA4C9-57AE-4949-BC60-1AFE476E09BB}.Debug|Any CPU.Build.0 = Debug|Any CPU
		{3E0DA4C9-57AE-4949-BC60-1AFE476E09BB}.Release|Any CPU.ActiveCfg = Release|Any CPU
		{3E0DA4C9-57AE-4949-BC60-1AFE476E09BB}.Release|Any CPU.Build.0 = Release|Any CPU
	EndGlobalSection
	GlobalSection(SolutionProperties) = preSolution
		HideSolutionNode = FALSE
	EndGlobalSection
	GlobalSection(ExtensibilityGlobals) = postSolution
		SolutionGuid = {606B796B-0723-42E6-8B4B-C896901467AF}
	EndGlobalSection
EndGlobal
